// !$*UTF8*$!
{
	archiveVersion = 1;
	classes = {
	};
	objectVersion = 46;
	objects = {

/* Begin PBXBuildFile section */
		F2913DB318CAA81A0024998D /* Foundation.framework in Frameworks */ = {isa = PBXBuildFile; fileRef = F2913DB218CAA81A0024998D /* Foundation.framework */; };
		F2913DB518CAA81A0024998D /* CoreGraphics.framework in Frameworks */ = {isa = PBXBuildFile; fileRef = F2913DB418CAA81A0024998D /* CoreGraphics.framework */; };
		F2913DB718CAA81A0024998D /* UIKit.framework in Frameworks */ = {isa = PBXBuildFile; fileRef = F2913DB618CAA81A0024998D /* UIKit.framework */; };
		F2913DBD18CAA81A0024998D /* InfoPlist.strings in Resources */ = {isa = PBXBuildFile; fileRef = F2913DBB18CAA81A0024998D /* InfoPlist.strings */; };
		F2913DBF18CAA81A0024998D /* main.m in Sources */ = {isa = PBXBuildFile; fileRef = F2913DBE18CAA81A0024998D /* main.m */; };
		F2913DC318CAA81A0024998D /* SKAppDelegate.m in Sources */ = {isa = PBXBuildFile; fileRef = F2913DC218CAA81A0024998D /* SKAppDelegate.m */; };
		F2913DC618CAA81A0024998D /* Main.storyboard in Resources */ = {isa = PBXBuildFile; fileRef = F2913DC418CAA81A0024998D /* Main.storyboard */; };
		F2913DC918CAA81A0024998D /* SKViewController.m in Sources */ = {isa = PBXBuildFile; fileRef = F2913DC818CAA81A0024998D /* SKViewController.m */; };
		F2913DCB18CAA81A0024998D /* Images.xcassets in Resources */ = {isa = PBXBuildFile; fileRef = F2913DCA18CAA81A0024998D /* Images.xcassets */; };
		F2913DD218CAA81A0024998D /* XCTest.framework in Frameworks */ = {isa = PBXBuildFile; fileRef = F2913DD118CAA81A0024998D /* XCTest.framework */; };
		F2913DD318CAA81A0024998D /* Foundation.framework in Frameworks */ = {isa = PBXBuildFile; fileRef = F2913DB218CAA81A0024998D /* Foundation.framework */; };
		F2913DD418CAA81A0024998D /* UIKit.framework in Frameworks */ = {isa = PBXBuildFile; fileRef = F2913DB618CAA81A0024998D /* UIKit.framework */; };
		F2913DDC18CAA81A0024998D /* InfoPlist.strings in Resources */ = {isa = PBXBuildFile; fileRef = F2913DDA18CAA81A0024998D /* InfoPlist.strings */; };
		F2913DDE18CAA81A0024998D /* ZhongYan_IPADTests.m in Sources */ = {isa = PBXBuildFile; fileRef = F2913DDD18CAA81A0024998D /* ZhongYan_IPADTests.m */; };
		F293E89A18CAC9F70040B1CA /* GameKit.framework in Frameworks */ = {isa = PBXBuildFile; fileRef = F293E89918CAC9F70040B1CA /* GameKit.framework */; };
		F293E89C18CAC9FD0040B1CA /* StoreKit.framework in Frameworks */ = {isa = PBXBuildFile; fileRef = F293E89B18CAC9FD0040B1CA /* StoreKit.framework */; };
		F293E89E18CACE630040B1CA /* LaunchImage-Portrait@2x~ipad.png in Resources */ = {isa = PBXBuildFile; fileRef = F293E89D18CACE630040B1CA /* LaunchImage-Portrait@2x~ipad.png */; };
		F293E8A018CACE6A0040B1CA /* LaunchImage-Portrait~ipad.png in Resources */ = {isa = PBXBuildFile; fileRef = F293E89F18CACE6A0040B1CA /* LaunchImage-Portrait~ipad.png */; };
		F293E8B318CACE9D0040B1CA /* LaunchImage-Landscape~ipad.png in Resources */ = {isa = PBXBuildFile; fileRef = F293E8AD18CACE9D0040B1CA /* LaunchImage-Landscape~ipad.png */; };
		F293E8B418CACE9D0040B1CA /* segmented_button_left@2x.png in Resources */ = {isa = PBXBuildFile; fileRef = F293E8AE18CACE9D0040B1CA /* segmented_button_left@2x.png */; };
		F293E8B518CACE9D0040B1CA /* segmented_button_right_selected@2x.png in Resources */ = {isa = PBXBuildFile; fileRef = F293E8AF18CACE9D0040B1CA /* segmented_button_right_selected@2x.png */; };
		F293E8B618CACE9D0040B1CA /* LaunchImage-Landscape@2x~ipad.png in Resources */ = {isa = PBXBuildFile; fileRef = F293E8B018CACE9D0040B1CA /* LaunchImage-Landscape@2x~ipad.png */; };
		F293E8B718CACE9D0040B1CA /* segmented_button_left_selected@2x.png in Resources */ = {isa = PBXBuildFile; fileRef = F293E8B118CACE9D0040B1CA /* segmented_button_left_selected@2x.png */; };
		F293E8B818CACE9D0040B1CA /* segmented_button_right@2x.png in Resources */ = {isa = PBXBuildFile; fileRef = F293E8B218CACE9D0040B1CA /* segmented_button_right@2x.png */; };
		F293E8BF18CACEFC0040B1CA /* Icon-Small.png in Resources */ = {isa = PBXBuildFile; fileRef = F293E8B918CACEFC0040B1CA /* Icon-Small.png */; };
		F293E8C018CACEFC0040B1CA /* Icon.png in Resources */ = {isa = PBXBuildFile; fileRef = F293E8BA18CACEFC0040B1CA /* Icon.png */; };
		F293E8C118CACEFC0040B1CA /* Icon-Small@2x.png in Resources */ = {isa = PBXBuildFile; fileRef = F293E8BB18CACEFC0040B1CA /* Icon-Small@2x.png */; };
		F293E8C218CACEFC0040B1CA /* Icon-Small-40@2x.png in Resources */ = {isa = PBXBuildFile; fileRef = F293E8BC18CACEFC0040B1CA /* Icon-Small-40@2x.png */; };
		F293E8C318CACEFC0040B1CA /* Icon@2x.png in Resources */ = {isa = PBXBuildFile; fileRef = F293E8BD18CACEFC0040B1CA /* Icon@2x.png */; };
		F293E8C418CACEFC0040B1CA /* Icon-76@2x.png in Resources */ = {isa = PBXBuildFile; fileRef = F293E8BE18CACEFC0040B1CA /* Icon-76@2x.png */; };
		F293E8C618CAD0060040B1CA /* Icon-Small-40.png in Resources */ = {isa = PBXBuildFile; fileRef = F293E8C518CAD0060040B1CA /* Icon-Small-40.png */; };
		F293E8C818CAD0B60040B1CA /* Icon-76.png in Resources */ = {isa = PBXBuildFile; fileRef = F293E8C718CAD0B60040B1CA /* Icon-76.png */; };
		F293E8CB18CAD2A60040B1CA /* Icon-72.png in Resources */ = {isa = PBXBuildFile; fileRef = F293E8C918CAD2A60040B1CA /* Icon-72.png */; };
		F293E8CC18CAD2A60040B1CA /* Icon-72@2x.png in Resources */ = {isa = PBXBuildFile; fileRef = F293E8CA18CAD2A60040B1CA /* Icon-72@2x.png */; };
		F293E8CF18CAD4440040B1CA /* Icon-50.png in Resources */ = {isa = PBXBuildFile; fileRef = F293E8CD18CAD4440040B1CA /* Icon-50.png */; };
		F293E8D018CAD4440040B1CA /* Icon-50@2x.png in Resources */ = {isa = PBXBuildFile; fileRef = F293E8CE18CAD4440040B1CA /* Icon-50@2x.png */; };
		F293E8D518CAD85B0040B1CA /* LaunchImage-700-Landscape@2x~ipad.png in Resources */ = {isa = PBXBuildFile; fileRef = F293E8D118CAD85B0040B1CA /* LaunchImage-700-Landscape@2x~ipad.png */; };
		F293E8D618CAD85B0040B1CA /* LaunchImage-700-Landscape~ipad.png in Resources */ = {isa = PBXBuildFile; fileRef = F293E8D218CAD85B0040B1CA /* LaunchImage-700-Landscape~ipad.png */; };
		F293E8D718CAD85B0040B1CA /* LaunchImage-700-Portrait@2x~ipad.png in Resources */ = {isa = PBXBuildFile; fileRef = F293E8D318CAD85B0040B1CA /* LaunchImage-700-Portrait@2x~ipad.png */; };
		F293E8D818CAD85B0040B1CA /* LaunchImage-700-Portrait~ipad.png in Resources */ = {isa = PBXBuildFile; fileRef = F293E8D418CAD85B0040B1CA /* LaunchImage-700-Portrait~ipad.png */; };
		F293E8DC18CAE3720040B1CA /* SKPatternLockController.m in Sources */ = {isa = PBXBuildFile; fileRef = F293E8DB18CAE3720040B1CA /* SKPatternLockController.m */; };
/* End PBXBuildFile section */

/* Begin PBXContainerItemProxy section */
		F2913DD518CAA81A0024998D /* PBXContainerItemProxy */ = {
			isa = PBXContainerItemProxy;
			containerPortal = F2913DA718CAA81A0024998D /* Project object */;
			proxyType = 1;
			remoteGlobalIDString = F2913DAE18CAA81A0024998D;
			remoteInfo = ZhongYan_IPAD;
		};
/* End PBXContainerItemProxy section */

/* Begin PBXFileReference section */
		F2913DAF18CAA81A0024998D /* ZhongYan_IPAD.app */ = {isa = PBXFileReference; explicitFileType = wrapper.application; includeInIndex = 0; path = ZhongYan_IPAD.app; sourceTree = BUILT_PRODUCTS_DIR; };
		F2913DB218CAA81A0024998D /* Foundation.framework */ = {isa = PBXFileReference; lastKnownFileType = wrapper.framework; name = Foundation.framework; path = System/Library/Frameworks/Foundation.framework; sourceTree = SDKROOT; };
		F2913DB418CAA81A0024998D /* CoreGraphics.framework */ = {isa = PBXFileReference; lastKnownFileType = wrapper.framework; name = CoreGraphics.framework; path = System/Library/Frameworks/CoreGraphics.framework; sourceTree = SDKROOT; };
		F2913DB618CAA81A0024998D /* UIKit.framework */ = {isa = PBXFileReference; lastKnownFileType = wrapper.framework; name = UIKit.framework; path = System/Library/Frameworks/UIKit.framework; sourceTree = SDKROOT; };
		F2913DBA18CAA81A0024998D /* ZhongYan_IPAD-Info.plist */ = {isa = PBXFileReference; lastKnownFileType = text.plist.xml; path = "ZhongYan_IPAD-Info.plist"; sourceTree = "<group>"; };
		F2913DBC18CAA81A0024998D /* en */ = {isa = PBXFileReference; lastKnownFileType = text.plist.strings; name = en; path = en.lproj/InfoPlist.strings; sourceTree = "<group>"; };
		F2913DBE18CAA81A0024998D /* main.m */ = {isa = PBXFileReference; lastKnownFileType = sourcecode.c.objc; path = main.m; sourceTree = "<group>"; };
		F2913DC018CAA81A0024998D /* ZhongYan_IPAD-Prefix.pch */ = {isa = PBXFileReference; lastKnownFileType = sourcecode.c.h; path = "ZhongYan_IPAD-Prefix.pch"; sourceTree = "<group>"; };
		F2913DC118CAA81A0024998D /* SKAppDelegate.h */ = {isa = PBXFileReference; lastKnownFileType = sourcecode.c.h; path = SKAppDelegate.h; sourceTree = "<group>"; };
		F2913DC218CAA81A0024998D /* SKAppDelegate.m */ = {isa = PBXFileReference; lastKnownFileType = sourcecode.c.objc; path = SKAppDelegate.m; sourceTree = "<group>"; };
		F2913DC518CAA81A0024998D /* Base */ = {isa = PBXFileReference; lastKnownFileType = file.storyboard; name = Base; path = Base.lproj/Main.storyboard; sourceTree = "<group>"; };
		F2913DC718CAA81A0024998D /* SKViewController.h */ = {isa = PBXFileReference; lastKnownFileType = sourcecode.c.h; path = SKViewController.h; sourceTree = "<group>"; };
		F2913DC818CAA81A0024998D /* SKViewController.m */ = {isa = PBXFileReference; lastKnownFileType = sourcecode.c.objc; path = SKViewController.m; sourceTree = "<group>"; };
		F2913DCA18CAA81A0024998D /* Images.xcassets */ = {isa = PBXFileReference; lastKnownFileType = folder.assetcatalog; path = Images.xcassets; sourceTree = "<group>"; };
		F2913DD018CAA81A0024998D /* ZhongYan_IPADTests.xctest */ = {isa = PBXFileReference; explicitFileType = wrapper.cfbundle; includeInIndex = 0; path = ZhongYan_IPADTests.xctest; sourceTree = BUILT_PRODUCTS_DIR; };
		F2913DD118CAA81A0024998D /* XCTest.framework */ = {isa = PBXFileReference; lastKnownFileType = wrapper.framework; name = XCTest.framework; path = Library/Frameworks/XCTest.framework; sourceTree = DEVELOPER_DIR; };
		F2913DD918CAA81A0024998D /* ZhongYan_IPADTests-Info.plist */ = {isa = PBXFileReference; lastKnownFileType = text.plist.xml; path = "ZhongYan_IPADTests-Info.plist"; sourceTree = "<group>"; };
		F2913DDB18CAA81A0024998D /* en */ = {isa = PBXFileReference; lastKnownFileType = text.plist.strings; name = en; path = en.lproj/InfoPlist.strings; sourceTree = "<group>"; };
		F2913DDD18CAA81A0024998D /* ZhongYan_IPADTests.m */ = {isa = PBXFileReference; lastKnownFileType = sourcecode.c.objc; path = ZhongYan_IPADTests.m; sourceTree = "<group>"; };
		F293E89918CAC9F70040B1CA /* GameKit.framework */ = {isa = PBXFileReference; lastKnownFileType = wrapper.framework; name = GameKit.framework; path = System/Library/Frameworks/GameKit.framework; sourceTree = SDKROOT; };
		F293E89B18CAC9FD0040B1CA /* StoreKit.framework */ = {isa = PBXFileReference; lastKnownFileType = wrapper.framework; name = StoreKit.framework; path = System/Library/Frameworks/StoreKit.framework; sourceTree = SDKROOT; };
		F293E89D18CACE630040B1CA /* LaunchImage-Portrait@2x~ipad.png */ = {isa = PBXFileReference; lastKnownFileType = image.png; path = "LaunchImage-Portrait@2x~ipad.png"; sourceTree = "<group>"; };
		F293E89F18CACE6A0040B1CA /* LaunchImage-Portrait~ipad.png */ = {isa = PBXFileReference; lastKnownFileType = image.png; path = "LaunchImage-Portrait~ipad.png"; sourceTree = "<group>"; };
		F293E8AD18CACE9D0040B1CA /* LaunchImage-Landscape~ipad.png */ = {isa = PBXFileReference; lastKnownFileType = image.png; path = "LaunchImage-Landscape~ipad.png"; sourceTree = "<group>"; };
		F293E8AE18CACE9D0040B1CA /* segmented_button_left@2x.png */ = {isa = PBXFileReference; lastKnownFileType = image.png; path = "segmented_button_left@2x.png"; sourceTree = "<group>"; };
		F293E8AF18CACE9D0040B1CA /* segmented_button_right_selected@2x.png */ = {isa = PBXFileReference; lastKnownFileType = image.png; path = "segmented_button_right_selected@2x.png"; sourceTree = "<group>"; };
		F293E8B018CACE9D0040B1CA /* LaunchImage-Landscape@2x~ipad.png */ = {isa = PBXFileReference; lastKnownFileType = image.png; path = "LaunchImage-Landscape@2x~ipad.png"; sourceTree = "<group>"; };
		F293E8B118CACE9D0040B1CA /* segmented_button_left_selected@2x.png */ = {isa = PBXFileReference; lastKnownFileType = image.png; path = "segmented_button_left_selected@2x.png"; sourceTree = "<group>"; };
		F293E8B218CACE9D0040B1CA /* segmented_button_right@2x.png */ = {isa = PBXFileReference; lastKnownFileType = image.png; path = "segmented_button_right@2x.png"; sourceTree = "<group>"; };
		F293E8B918CACEFC0040B1CA /* Icon-Small.png */ = {isa = PBXFileReference; lastKnownFileType = image.png; path = "Icon-Small.png"; sourceTree = "<group>"; };
		F293E8BA18CACEFC0040B1CA /* Icon.png */ = {isa = PBXFileReference; lastKnownFileType = image.png; path = Icon.png; sourceTree = "<group>"; };
		F293E8BB18CACEFC0040B1CA /* Icon-Small@2x.png */ = {isa = PBXFileReference; lastKnownFileType = image.png; path = "Icon-Small@2x.png"; sourceTree = "<group>"; };
		F293E8BC18CACEFC0040B1CA /* Icon-Small-40@2x.png */ = {isa = PBXFileReference; lastKnownFileType = image.png; path = "Icon-Small-40@2x.png"; sourceTree = "<group>"; };
		F293E8BD18CACEFC0040B1CA /* Icon@2x.png */ = {isa = PBXFileReference; lastKnownFileType = image.png; path = "Icon@2x.png"; sourceTree = "<group>"; };
		F293E8BE18CACEFC0040B1CA /* Icon-76@2x.png */ = {isa = PBXFileReference; lastKnownFileType = image.png; path = "Icon-76@2x.png"; sourceTree = "<group>"; };
		F293E8C518CAD0060040B1CA /* Icon-Small-40.png */ = {isa = PBXFileReference; lastKnownFileType = image.png; path = "Icon-Small-40.png"; sourceTree = "<group>"; };
		F293E8C718CAD0B60040B1CA /* Icon-76.png */ = {isa = PBXFileReference; lastKnownFileType = image.png; path = "Icon-76.png"; sourceTree = "<group>"; };
		F293E8C918CAD2A60040B1CA /* Icon-72.png */ = {isa = PBXFileReference; lastKnownFileType = image.png; path = "Icon-72.png"; sourceTree = "<group>"; };
		F293E8CA18CAD2A60040B1CA /* Icon-72@2x.png */ = {isa = PBXFileReference; lastKnownFileType = image.png; path = "Icon-72@2x.png"; sourceTree = "<group>"; };
		F293E8CD18CAD4440040B1CA /* Icon-50.png */ = {isa = PBXFileReference; lastKnownFileType = image.png; path = "Icon-50.png"; sourceTree = "<group>"; };
		F293E8CE18CAD4440040B1CA /* Icon-50@2x.png */ = {isa = PBXFileReference; lastKnownFileType = image.png; path = "Icon-50@2x.png"; sourceTree = "<group>"; };
		F293E8D118CAD85B0040B1CA /* LaunchImage-700-Landscape@2x~ipad.png */ = {isa = PBXFileReference; lastKnownFileType = image.png; path = "LaunchImage-700-Landscape@2x~ipad.png"; sourceTree = "<group>"; };
		F293E8D218CAD85B0040B1CA /* LaunchImage-700-Landscape~ipad.png */ = {isa = PBXFileReference; lastKnownFileType = image.png; path = "LaunchImage-700-Landscape~ipad.png"; sourceTree = "<group>"; };
		F293E8D318CAD85B0040B1CA /* LaunchImage-700-Portrait@2x~ipad.png */ = {isa = PBXFileReference; lastKnownFileType = image.png; path = "LaunchImage-700-Portrait@2x~ipad.png"; sourceTree = "<group>"; };
		F293E8D418CAD85B0040B1CA /* LaunchImage-700-Portrait~ipad.png */ = {isa = PBXFileReference; lastKnownFileType = image.png; path = "LaunchImage-700-Portrait~ipad.png"; sourceTree = "<group>"; };
		F293E8DA18CAE3720040B1CA /* SKPatternLockController.h */ = {isa = PBXFileReference; fileEncoding = 4; lastKnownFileType = sourcecode.c.h; path = SKPatternLockController.h; sourceTree = "<group>"; };
		F293E8DB18CAE3720040B1CA /* SKPatternLockController.m */ = {isa = PBXFileReference; fileEncoding = 4; lastKnownFileType = sourcecode.c.objc; path = SKPatternLockController.m; sourceTree = "<group>"; };
/* End PBXFileReference section */

/* Begin PBXFrameworksBuildPhase section */
		F2913DAC18CAA81A0024998D /* Frameworks */ = {
			isa = PBXFrameworksBuildPhase;
			buildActionMask = 2147483647;
			files = (
				F2913DB518CAA81A0024998D /* CoreGraphics.framework in Frameworks */,
				F2913DB718CAA81A0024998D /* UIKit.framework in Frameworks */,
				F293E89C18CAC9FD0040B1CA /* StoreKit.framework in Frameworks */,
				F2913DB318CAA81A0024998D /* Foundation.framework in Frameworks */,
				F293E89A18CAC9F70040B1CA /* GameKit.framework in Frameworks */,
			);
			runOnlyForDeploymentPostprocessing = 0;
		};
		F2913DCD18CAA81A0024998D /* Frameworks */ = {
			isa = PBXFrameworksBuildPhase;
			buildActionMask = 2147483647;
			files = (
				F2913DD218CAA81A0024998D /* XCTest.framework in Frameworks */,
				F2913DD418CAA81A0024998D /* UIKit.framework in Frameworks */,
				F2913DD318CAA81A0024998D /* Foundation.framework in Frameworks */,
			);
			runOnlyForDeploymentPostprocessing = 0;
		};
/* End PBXFrameworksBuildPhase section */

/* Begin PBXGroup section */
		F2913DA618CAA81A0024998D = {
			isa = PBXGroup;
			children = (
				F2913DB818CAA81A0024998D /* ZhongYan_IPAD */,
				F2913DD718CAA81A0024998D /* ZhongYan_IPADTests */,
				F2913DB118CAA81A0024998D /* Frameworks */,
				F2913DB018CAA81A0024998D /* Products */,
			);
			sourceTree = "<group>";
		};
		F2913DB018CAA81A0024998D /* Products */ = {
			isa = PBXGroup;
			children = (
				F2913DAF18CAA81A0024998D /* ZhongYan_IPAD.app */,
				F2913DD018CAA81A0024998D /* ZhongYan_IPADTests.xctest */,
			);
			name = Products;
			sourceTree = "<group>";
		};
		F2913DB118CAA81A0024998D /* Frameworks */ = {
			isa = PBXGroup;
			children = (
				F293E89B18CAC9FD0040B1CA /* StoreKit.framework */,
				F293E89918CAC9F70040B1CA /* GameKit.framework */,
				F2913DB218CAA81A0024998D /* Foundation.framework */,
				F2913DB418CAA81A0024998D /* CoreGraphics.framework */,
				F2913DB618CAA81A0024998D /* UIKit.framework */,
				F2913DD118CAA81A0024998D /* XCTest.framework */,
			);
			name = Frameworks;
			sourceTree = "<group>";
		};
		F2913DB818CAA81A0024998D /* ZhongYan_IPAD */ = {
			isa = PBXGroup;
			children = (
				F293E8AE18CACE9D0040B1CA /* segmented_button_left@2x.png */,
				F293E8B118CACE9D0040B1CA /* segmented_button_left_selected@2x.png */,
				F293E8AF18CACE9D0040B1CA /* segmented_button_right_selected@2x.png */,
				F293E8B218CACE9D0040B1CA /* segmented_button_right@2x.png */,
				F2913DC118CAA81A0024998D /* SKAppDelegate.h */,
				F2913DC218CAA81A0024998D /* SKAppDelegate.m */,
				F2913DC718CAA81A0024998D /* SKViewController.h */,
				F2913DC818CAA81A0024998D /* SKViewController.m */,
				F293E8DA18CAE3720040B1CA /* SKPatternLockController.h */,
				F293E8DB18CAE3720040B1CA /* SKPatternLockController.m */,
				F2913DCA18CAA81A0024998D /* Images.xcassets */,
				F2913DB918CAA81A0024998D /* Supporting Files */,
			);
			path = ZhongYan_IPAD;
			sourceTree = "<group>";
		};
		F2913DB918CAA81A0024998D /* Supporting Files */ = {
			isa = PBXGroup;
			children = (
				F2913DC418CAA81A0024998D /* Main.storyboard */,
				F293E8D918CAD9410040B1CA /* launchAppiconImage */,
				F2913DBA18CAA81A0024998D /* ZhongYan_IPAD-Info.plist */,
				F2913DBB18CAA81A0024998D /* InfoPlist.strings */,
				F2913DBE18CAA81A0024998D /* main.m */,
				F2913DC018CAA81A0024998D /* ZhongYan_IPAD-Prefix.pch */,
			);
			name = "Supporting Files";
			sourceTree = "<group>";
		};
		F2913DD718CAA81A0024998D /* ZhongYan_IPADTests */ = {
			isa = PBXGroup;
			children = (
				F2913DDD18CAA81A0024998D /* ZhongYan_IPADTests.m */,
				F2913DD818CAA81A0024998D /* Supporting Files */,
			);
			path = ZhongYan_IPADTests;
			sourceTree = "<group>";
		};
		F2913DD818CAA81A0024998D /* Supporting Files */ = {
			isa = PBXGroup;
			children = (
				F2913DD918CAA81A0024998D /* ZhongYan_IPADTests-Info.plist */,
				F2913DDA18CAA81A0024998D /* InfoPlist.strings */,
			);
			name = "Supporting Files";
			sourceTree = "<group>";
		};
		F293E8D918CAD9410040B1CA /* launchAppiconImage */ = {
			isa = PBXGroup;
			children = (
				F293E8BA18CACEFC0040B1CA /* Icon.png */,
				F293E8BD18CACEFC0040B1CA /* Icon@2x.png */,
				F293E8CD18CAD4440040B1CA /* Icon-50.png */,
				F293E8CE18CAD4440040B1CA /* Icon-50@2x.png */,
				F293E8C918CAD2A60040B1CA /* Icon-72.png */,
				F293E8CA18CAD2A60040B1CA /* Icon-72@2x.png */,
				F293E8B918CACEFC0040B1CA /* Icon-Small.png */,
				F293E8BB18CACEFC0040B1CA /* Icon-Small@2x.png */,
				F293E8C518CAD0060040B1CA /* Icon-Small-40.png */,
				F293E8BC18CACEFC0040B1CA /* Icon-Small-40@2x.png */,
				F293E8C718CAD0B60040B1CA /* Icon-76.png */,
				F293E8BE18CACEFC0040B1CA /* Icon-76@2x.png */,
				F293E8B018CACE9D0040B1CA /* LaunchImage-Landscape@2x~ipad.png */,
				F293E8AD18CACE9D0040B1CA /* LaunchImage-Landscape~ipad.png */,
				F293E89F18CACE6A0040B1CA /* LaunchImage-Portrait~ipad.png */,
				F293E89D18CACE630040B1CA /* LaunchImage-Portrait@2x~ipad.png */,
				F293E8D118CAD85B0040B1CA /* LaunchImage-700-Landscape@2x~ipad.png */,
				F293E8D218CAD85B0040B1CA /* LaunchImage-700-Landscape~ipad.png */,
				F293E8D318CAD85B0040B1CA /* LaunchImage-700-Portrait@2x~ipad.png */,
				F293E8D418CAD85B0040B1CA /* LaunchImage-700-Portrait~ipad.png */,
			);
			name = launchAppiconImage;
			sourceTree = "<group>";
		};
/* End PBXGroup section */

/* Begin PBXNativeTarget section */
		F2913DAE18CAA81A0024998D /* ZhongYan_IPAD */ = {
			isa = PBXNativeTarget;
			buildConfigurationList = F2913DE118CAA81A0024998D /* Build configuration list for PBXNativeTarget "ZhongYan_IPAD" */;
			buildPhases = (
				F2913DAB18CAA81A0024998D /* Sources */,
				F2913DAC18CAA81A0024998D /* Frameworks */,
				F2913DAD18CAA81A0024998D /* Resources */,
			);
			buildRules = (
			);
			dependencies = (
			);
			name = ZhongYan_IPAD;
			productName = ZhongYan_IPAD;
			productReference = F2913DAF18CAA81A0024998D /* ZhongYan_IPAD.app */;
			productType = "com.apple.product-type.application";
		};
		F2913DCF18CAA81A0024998D /* ZhongYan_IPADTests */ = {
			isa = PBXNativeTarget;
			buildConfigurationList = F2913DE418CAA81A0024998D /* Build configuration list for PBXNativeTarget "ZhongYan_IPADTests" */;
			buildPhases = (
				F2913DCC18CAA81A0024998D /* Sources */,
				F2913DCD18CAA81A0024998D /* Frameworks */,
				F2913DCE18CAA81A0024998D /* Resources */,
			);
			buildRules = (
			);
			dependencies = (
				F2913DD618CAA81A0024998D /* PBXTargetDependency */,
			);
			name = ZhongYan_IPADTests;
			productName = ZhongYan_IPADTests;
			productReference = F2913DD018CAA81A0024998D /* ZhongYan_IPADTests.xctest */;
			productType = "com.apple.product-type.bundle.unit-test";
		};
/* End PBXNativeTarget section */

/* Begin PBXProject section */
		F2913DA718CAA81A0024998D /* Project object */ = {
			isa = PBXProject;
			attributes = {
				CLASSPREFIX = SK;
				LastUpgradeCheck = 0500;
				ORGANIZATIONNAME = surekam;
				TargetAttributes = {
					F2913DAE18CAA81A0024998D = {
						DevelopmentTeam = W6B3D78E3C;
						SystemCapabilities = {
							com.apple.GameCenter = {
								enabled = 1;
							};
							com.apple.InAppPurchase = {
								enabled = 1;
							};
						};
					};
					F2913DCF18CAA81A0024998D = {
						TestTargetID = F2913DAE18CAA81A0024998D;
					};
				};
			};
			buildConfigurationList = F2913DAA18CAA81A0024998D /* Build configuration list for PBXProject "ZhongYan_IPAD" */;
			compatibilityVersion = "Xcode 3.2";
			developmentRegion = English;
			hasScannedForEncodings = 0;
			knownRegions = (
				en,
				Base,
			);
			mainGroup = F2913DA618CAA81A0024998D;
			productRefGroup = F2913DB018CAA81A0024998D /* Products */;
			projectDirPath = "";
			projectRoot = "";
			targets = (
				F2913DAE18CAA81A0024998D /* ZhongYan_IPAD */,
				F2913DCF18CAA81A0024998D /* ZhongYan_IPADTests */,
			);
		};
/* End PBXProject section */

/* Begin PBXResourcesBuildPhase section */
		F2913DAD18CAA81A0024998D /* Resources */ = {
			isa = PBXResourcesBuildPhase;
			buildActionMask = 2147483647;
			files = (
				F293E8D518CAD85B0040B1CA /* LaunchImage-700-Landscape@2x~ipad.png in Resources */,
				F293E8D718CAD85B0040B1CA /* LaunchImage-700-Portrait@2x~ipad.png in Resources */,
				F2913DCB18CAA81A0024998D /* Images.xcassets in Resources */,
				F293E8CF18CAD4440040B1CA /* Icon-50.png in Resources */,
				F293E8CB18CAD2A60040B1CA /* Icon-72.png in Resources */,
				F293E8C318CACEFC0040B1CA /* Icon@2x.png in Resources */,
				F293E8C218CACEFC0040B1CA /* Icon-Small-40@2x.png in Resources */,
				F293E8D018CAD4440040B1CA /* Icon-50@2x.png in Resources */,
				F2913DBD18CAA81A0024998D /* InfoPlist.strings in Resources */,
				F293E8D818CAD85B0040B1CA /* LaunchImage-700-Portrait~ipad.png in Resources */,
				F293E89E18CACE630040B1CA /* LaunchImage-Portrait@2x~ipad.png in Resources */,
				F293E8A018CACE6A0040B1CA /* LaunchImage-Portrait~ipad.png in Resources */,
				F2913DC618CAA81A0024998D /* Main.storyboard in Resources */,
				F293E8B818CACE9D0040B1CA /* segmented_button_right@2x.png in Resources */,
				F293E8B318CACE9D0040B1CA /* LaunchImage-Landscape~ipad.png in Resources */,
				F293E8C418CACEFC0040B1CA /* Icon-76@2x.png in Resources */,
				F293E8C018CACEFC0040B1CA /* Icon.png in Resources */,
				F293E8B618CACE9D0040B1CA /* LaunchImage-Landscape@2x~ipad.png in Resources */,
				F293E8C618CAD0060040B1CA /* Icon-Small-40.png in Resources */,
				F293E8CC18CAD2A60040B1CA /* Icon-72@2x.png in Resources */,
				F293E8BF18CACEFC0040B1CA /* Icon-Small.png in Resources */,
				F293E8B718CACE9D0040B1CA /* segmented_button_left_selected@2x.png in Resources */,
				F293E8B418CACE9D0040B1CA /* segmented_button_left@2x.png in Resources */,
				F293E8D618CAD85B0040B1CA /* LaunchImage-700-Landscape~ipad.png in Resources */,
				F293E8C818CAD0B60040B1CA /* Icon-76.png in Resources */,
				F293E8B518CACE9D0040B1CA /* segmented_button_right_selected@2x.png in Resources */,
				F293E8C118CACEFC0040B1CA /* Icon-Small@2x.png in Resources */,
			);
			runOnlyForDeploymentPostprocessing = 0;
		};
		F2913DCE18CAA81A0024998D /* Resources */ = {
			isa = PBXResourcesBuildPhase;
			buildActionMask = 2147483647;
			files = (
				F2913DDC18CAA81A0024998D /* InfoPlist.strings in Resources */,
			);
			runOnlyForDeploymentPostprocessing = 0;
		};
/* End PBXResourcesBuildPhase section */

/* Begin PBXSourcesBuildPhase section */
		F2913DAB18CAA81A0024998D /* Sources */ = {
			isa = PBXSourcesBuildPhase;
			buildActionMask = 2147483647;
			files = (
				F2913DC318CAA81A0024998D /* SKAppDelegate.m in Sources */,
				F293E8DC18CAE3720040B1CA /* SKPatternLockController.m in Sources */,
				F2913DC918CAA81A0024998D /* SKViewController.m in Sources */,
				F2913DBF18CAA81A0024998D /* main.m in Sources */,
			);
			runOnlyForDeploymentPostprocessing = 0;
		};
		F2913DCC18CAA81A0024998D /* Sources */ = {
			isa = PBXSourcesBuildPhase;
			buildActionMask = 2147483647;
			files = (
				F2913DDE18CAA81A0024998D /* ZhongYan_IPADTests.m in Sources */,
			);
			runOnlyForDeploymentPostprocessing = 0;
		};
/* End PBXSourcesBuildPhase section */

/* Begin PBXTargetDependency section */
		F2913DD618CAA81A0024998D /* PBXTargetDependency */ = {
			isa = PBXTargetDependency;
			target = F2913DAE18CAA81A0024998D /* ZhongYan_IPAD */;
			targetProxy = F2913DD518CAA81A0024998D /* PBXContainerItemProxy */;
		};
/* End PBXTargetDependency section */

/* Begin PBXVariantGroup section */
		F2913DBB18CAA81A0024998D /* InfoPlist.strings */ = {
			isa = PBXVariantGroup;
			children = (
				F2913DBC18CAA81A0024998D /* en */,
			);
			name = InfoPlist.strings;
			sourceTree = "<group>";
		};
		F2913DC418CAA81A0024998D /* Main.storyboard */ = {
			isa = PBXVariantGroup;
			children = (
				F2913DC518CAA81A0024998D /* Base */,
			);
			name = Main.storyboard;
			sourceTree = "<group>";
		};
		F2913DDA18CAA81A0024998D /* InfoPlist.strings */ = {
			isa = PBXVariantGroup;
			children = (
				F2913DDB18CAA81A0024998D /* en */,
			);
			name = InfoPlist.strings;
			sourceTree = "<group>";
		};
/* End PBXVariantGroup section */

/* Begin XCBuildConfiguration section */
		F2913DDF18CAA81A0024998D /* Debug */ = {
			isa = XCBuildConfiguration;
			buildSettings = {
				ALWAYS_SEARCH_USER_PATHS = NO;
				ARCHS = "$(ARCHS_STANDARD_INCLUDING_64_BIT)";
				CLANG_CXX_LANGUAGE_STANDARD = "gnu++0x";
				CLANG_CXX_LIBRARY = "libc++";
				CLANG_ENABLE_MODULES = YES;
				CLANG_ENABLE_OBJC_ARC = YES;
				CLANG_WARN_BOOL_CONVERSION = YES;
				CLANG_WARN_CONSTANT_CONVERSION = YES;
				CLANG_WARN_DIRECT_OBJC_ISA_USAGE = YES_ERROR;
				CLANG_WARN_EMPTY_BODY = YES;
				CLANG_WARN_ENUM_CONVERSION = YES;
				CLANG_WARN_INT_CONVERSION = YES;
				CLANG_WARN_OBJC_ROOT_CLASS = YES_ERROR;
				CLANG_WARN__DUPLICATE_METHOD_MATCH = YES;
				CODE_SIGN_IDENTITY = "iPhone Developer: peter Raphael (HC863GMAHK)";
				"CODE_SIGN_IDENTITY[sdk=iphoneos*]" = "iPhone Developer: peter Raphael (HC863GMAHK)";
				COPY_PHASE_STRIP = NO;
				GCC_C_LANGUAGE_STANDARD = gnu99;
				GCC_DYNAMIC_NO_PIC = NO;
				GCC_OPTIMIZATION_LEVEL = 0;
				GCC_PREPROCESSOR_DEFINITIONS = (
					"DEBUG=1",
					"$(inherited)",
				);
				GCC_SYMBOLS_PRIVATE_EXTERN = NO;
				GCC_WARN_64_TO_32_BIT_CONVERSION = YES;
				GCC_WARN_ABOUT_RETURN_TYPE = YES_ERROR;
				GCC_WARN_UNDECLARED_SELECTOR = YES;
				GCC_WARN_UNINITIALIZED_AUTOS = YES;
				GCC_WARN_UNUSED_FUNCTION = YES;
				GCC_WARN_UNUSED_VARIABLE = YES;
				IPHONEOS_DEPLOYMENT_TARGET = 6.0;
				ONLY_ACTIVE_ARCH = YES;
				PROVISIONING_PROFILE = "4A36C235-9EB7-413E-9058-B2E80D2FFD17";
				SDKROOT = iphoneos;
				TARGETED_DEVICE_FAMILY = 2;
			};
			name = Debug;
		};
		F2913DE018CAA81A0024998D /* Release */ = {
			isa = XCBuildConfiguration;
			buildSettings = {
				ALWAYS_SEARCH_USER_PATHS = NO;
				ARCHS = "$(ARCHS_STANDARD_INCLUDING_64_BIT)";
				CLANG_CXX_LANGUAGE_STANDARD = "gnu++0x";
				CLANG_CXX_LIBRARY = "libc++";
				CLANG_ENABLE_MODULES = YES;
				CLANG_ENABLE_OBJC_ARC = YES;
				CLANG_WARN_BOOL_CONVERSION = YES;
				CLANG_WARN_CONSTANT_CONVERSION = YES;
				CLANG_WARN_DIRECT_OBJC_ISA_USAGE = YES_ERROR;
				CLANG_WARN_EMPTY_BODY = YES;
				CLANG_WARN_ENUM_CONVERSION = YES;
				CLANG_WARN_INT_CONVERSION = YES;
				CLANG_WARN_OBJC_ROOT_CLASS = YES_ERROR;
				CLANG_WARN__DUPLICATE_METHOD_MATCH = YES;
				CODE_SIGN_IDENTITY = "iPhone Developer: peter Raphael (HC863GMAHK)";
				"CODE_SIGN_IDENTITY[sdk=iphoneos*]" = "iPhone Developer: peter Raphael (HC863GMAHK)";
				COPY_PHASE_STRIP = YES;
				ENABLE_NS_ASSERTIONS = NO;
				GCC_C_LANGUAGE_STANDARD = gnu99;
				GCC_WARN_64_TO_32_BIT_CONVERSION = YES;
				GCC_WARN_ABOUT_RETURN_TYPE = YES_ERROR;
				GCC_WARN_UNDECLARED_SELECTOR = YES;
				GCC_WARN_UNINITIALIZED_AUTOS = YES;
				GCC_WARN_UNUSED_FUNCTION = YES;
				GCC_WARN_UNUSED_VARIABLE = YES;
				IPHONEOS_DEPLOYMENT_TARGET = 6.0;
				PROVISIONING_PROFILE = "4A36C235-9EB7-413E-9058-B2E80D2FFD17";
				SDKROOT = iphoneos;
				TARGETED_DEVICE_FAMILY = 2;
				VALIDATE_PRODUCT = YES;
			};
			name = Release;
		};
		F2913DE218CAA81A0024998D /* Debug */ = {
			isa = XCBuildConfiguration;
			buildSettings = {
				ASSETCATALOG_COMPILER_APPICON_NAME = AppIcon;
				ASSETCATALOG_COMPILER_LAUNCHIMAGE_NAME = LaunchImage;
				CODE_SIGN_IDENTITY = "iPhone Developer";
				"CODE_SIGN_IDENTITY[sdk=iphoneos*]" = "iPhone Developer";
				GCC_PRECOMPILE_PREFIX_HEADER = YES;
				GCC_PREFIX_HEADER = "ZhongYan_IPAD/ZhongYan_IPAD-Prefix.pch";
				INFOPLIST_FILE = "ZhongYan_IPAD/ZhongYan_IPAD-Info.plist";
				IPHONEOS_DEPLOYMENT_TARGET = 6.0;
				PRODUCT_NAME = "$(TARGET_NAME)";
				PROVISIONING_PROFILE = "";
				TARGETED_DEVICE_FAMILY = 2;
				WRAPPER_EXTENSION = app;
			};
			name = Debug;
		};
		F2913DE318CAA81A0024998D /* Release */ = {
			isa = XCBuildConfiguration;
			buildSettings = {
				ASSETCATALOG_COMPILER_APPICON_NAME = AppIcon;
				ASSETCATALOG_COMPILER_LAUNCHIMAGE_NAME = LaunchImage;
				CODE_SIGN_IDENTITY = "iPhone Developer";
				"CODE_SIGN_IDENTITY[sdk=iphoneos*]" = "iPhone Developer";
				GCC_PRECOMPILE_PREFIX_HEADER = YES;
				GCC_PREFIX_HEADER = "ZhongYan_IPAD/ZhongYan_IPAD-Prefix.pch";
				INFOPLIST_FILE = "ZhongYan_IPAD/ZhongYan_IPAD-Info.plist";
				IPHONEOS_DEPLOYMENT_TARGET = 6.0;
				PRODUCT_NAME = "$(TARGET_NAME)";
				PROVISIONING_PROFILE = "";
				TARGETED_DEVICE_FAMILY = 2;
				WRAPPER_EXTENSION = app;
			};
			name = Release;
		};
		F2913DE518CAA81A0024998D /* Debug */ = {
			isa = XCBuildConfiguration;
			buildSettings = {
				ARCHS = "$(ARCHS_STANDARD_INCLUDING_64_BIT)";
				BUNDLE_LOADER = "$(BUILT_PRODUCTS_DIR)/ZhongYan_IPAD.app/ZhongYan_IPAD";
				FRAMEWORK_SEARCH_PATHS = (
					"$(SDKROOT)/Developer/Library/Frameworks",
					"$(inherited)",
					"$(DEVELOPER_FRAMEWORKS_DIR)",
				);
				GCC_PRECOMPILE_PREFIX_HEADER = YES;
				GCC_PREFIX_HEADER = "ZhongYan_IPAD/ZhongYan_IPAD-Prefix.pch";
				GCC_PREPROCESSOR_DEFINITIONS = (
					"DEBUG=1",
					"$(inherited)",
				);
				INFOPLIST_FILE = "ZhongYan_IPADTests/ZhongYan_IPADTests-Info.plist";
				PRODUCT_NAME = "$(TARGET_NAME)";
				TEST_HOST = "$(BUNDLE_LOADER)";
				WRAPPER_EXTENSION = xctest;
			};
			name = Debug;
		};
		F2913DE618CAA81A0024998D /* Release */ = {
			isa = XCBuildConfiguration;
			buildSettings = {
				ARCHS = "$(ARCHS_STANDARD_INCLUDING_64_BIT)";
				BUNDLE_LOADER = "$(BUILT_PRODUCTS_DIR)/ZhongYan_IPAD.app/ZhongYan_IPAD";
				FRAMEWORK_SEARCH_PATHS = (
					"$(SDKROOT)/Developer/Library/Frameworks",
					"$(inherited)",
					"$(DEVELOPER_FRAMEWORKS_DIR)",
				);
				GCC_PRECOMPILE_PREFIX_HEADER = YES;
				GCC_PREFIX_HEADER = "ZhongYan_IPAD/ZhongYan_IPAD-Prefix.pch";
				INFOPLIST_FILE = "ZhongYan_IPADTests/ZhongYan_IPADTests-Info.plist";
				PRODUCT_NAME = "$(TARGET_NAME)";
				TEST_HOST = "$(BUNDLE_LOADER)";
				WRAPPER_EXTENSION = xctest;
			};
			name = Release;
		};
/* End XCBuildConfiguration section */

/* Begin XCConfigurationList section */
		F2913DAA18CAA81A0024998D /* Build configuration list for PBXProject "ZhongYan_IPAD" */ = {
			isa = XCConfigurationList;
			buildConfigurations = (
				F2913DDF18CAA81A0024998D /* Debug */,
				F2913DE018CAA81A0024998D /* Release */,
			);
			defaultConfigurationIsVisible = 0;
			defaultConfigurationName = Release;
		};
		F2913DE118CAA81A0024998D /* Build configuration list for PBXNativeTarget "ZhongYan_IPAD" */ = {
			isa = XCConfigurationList;
			buildConfigurations = (
				F2913DE218CAA81A0024998D /* Debug */,
				F2913DE318CAA81A0024998D /* Release */,
			);
			defaultConfigurationIsVisible = 0;
			defaultConfigurationName = Release;
		};
		F2913DE418CAA81A0024998D /* Build configuration list for PBXNativeTarget "ZhongYan_IPADTests" */ = {
			isa = XCConfigurationList;
			buildConfigurations = (
				F2913DE518CAA81A0024998D /* Debug */,
				F2913DE618CAA81A0024998D /* Release */,
			);
			defaultConfigurationIsVisible = 0;
			defaultConfigurationName = Release;
		};
/* End XCConfigurationList section */
	};
	rootObject = F2913DA718CAA81A0024998D /* Project object */;
}
